
Microsoft Visual Studio Solution File, Format Version 12.00
# Visual Studio Version 16
VisualStudioVersion = 16.0.30907.101
MinimumVisualStudioVersion = 10.0.40219.1
Project("{9A19103F-16F7-4668-BE54-9A1E7A4F7556}") = "DataAccess", "DataAccess\DataAccess.csproj", "{2156D3D0-B971-4934-9AF2-F154AAFEE926}"
EndProject
Project("{9A19103F-16F7-4668-BE54-9A1E7A4F7556}") = "Business", "Business\Business.csproj", "{0A16ABD8-DB6A-4D0C-97F5-D32B4773FE42}"
EndProject
Project("{9A19103F-16F7-4668-BE54-9A1E7A4F7556}") = "Entities", "Entities\Entities.csproj", "{5C5919DA-A000-4853-B8BE-ACCB925C757D}"
EndProject
Project("{9A19103F-16F7-4668-BE54-9A1E7A4F7556}") = "ConsoleUI", "ConsoleUI\ConsoleUI.csproj", "{91403756-C76A-42E8-AB88-E5869418C3A1}"
EndProject
Project("{9A19103F-16F7-4668-BE54-9A1E7A4F7556}") = "Core", "Core\Core.csproj", "{7FD3EC76-C7B1-40A4-A80D-58F1CB4873B6}"
EndProject
Project("{FAE04EC0-301F-11D3-BF4B-00C04F79EFBC}") = "WebAPI", "WebAPI\WebAPI.csproj", "{6FBBB4C7-4A7D-4762-B4A3-0E3012900C6F}"
EndProject
Global
	GlobalSection(SolutionConfigurationPlatforms) = preSolution
		Debug|Any CPU = Debug|Any CPU
		Release|Any CPU = Release|Any CPU
	EndGlobalSection
	GlobalSection(ProjectConfigurationPlatforms) = postSolution
		{2156D3D0-B971-4934-9AF2-F154AAFEE926}.Debug|Any CPU.ActiveCfg = Debug|Any CPU
		{2156D3D0-B971-4934-9AF2-F154AAFEE926}.Debug|Any CPU.Build.0 = Debug|Any CPU
		{2156D3D0-B971-4934-9AF2-F154AAFEE926}.Release|Any CPU.ActiveCfg = Release|Any CPU
		{2156D3D0-B971-4934-9AF2-F154AAFEE926}.Release|Any CPU.Build.0 = Release|Any CPU
		{0A16ABD8-DB6A-4D0C-97F5-D32B4773FE42}.Debug|Any CPU.ActiveCfg = Debug|Any CPU
		{0A16ABD8-DB6A-4D0C-97F5-D32B4773FE42}.Debug|Any CPU.Build.0 = Debug|Any CPU
		{0A16ABD8-DB6A-4D0C-97F5-D32B4773FE42}.Release|Any CPU.ActiveCfg = Release|Any CPU
		{0A16ABD8-DB6A-4D0C-97F5-D32B4773FE42}.Release|Any CPU.Build.0 = Release|Any CPU
		{5C5919DA-A000-4853-B8BE-ACCB925C757D}.Debug|Any CPU.ActiveCfg = Debug|Any CPU
		{5C5919DA-A000-4853-B8BE-ACCB925C757D}.Debug|Any CPU.Build.0 = Debug|Any CPU
		{5C5919DA-A000-4853-B8BE-ACCB925C757D}.Release|Any CPU.ActiveCfg = Release|Any CPU
		{5C5919DA-A000-4853-B8BE-ACCB925C757D}.Release|Any CPU.Build.0 = Release|Any CPU
		{91403756-C76A-42E8-AB88-E5869418C3A1}.Debug|Any CPU.ActiveCfg = Debug|Any CPU
		{91403756-C76A-42E8-AB88-E5869418C3A1}.Debug|Any CPU.Build.0 = Debug|Any CPU
		{91403756-C76A-42E8-AB88-E5869418C3A1}.Release|Any CPU.ActiveCfg = Release|Any CPU
		{91403756-C76A-42E8-AB88-E5869418C3A1}.Release|Any CPU.Build.0 = Release|Any CPU
		{7FD3EC76-C7B1-40A4-A80D-58F1CB4873B6}.Debug|Any CPU.ActiveCfg = Debug|Any CPU
		{7FD3EC76-C7B1-40A4-A80D-58F1CB4873B6}.Debug|Any CPU.Build.0 = Debug|Any CPU
		{7FD3EC76-C7B1-40A4-A80D-58F1CB4873B6}.Release|Any CPU.ActiveCfg = Release|Any CPU
		{7FD3EC76-C7B1-40A4-A80D-58F1CB4873B6}.Release|Any CPU.Build.0 = Release|Any CPU
		{6FBBB4C7-4A7D-4762-B4A3-0E3012900C6F}.Debug|Any CPU.ActiveCfg = Debug|Any CPU
		{6FBBB4C7-4A7D-4762-B4A3-0E3012900C6F}.Debug|Any CPU.Build.0 = Debug|Any CPU
		{6FBBB4C7-4A7D-4762-B4A3-0E3012900C6F}.Release|Any CPU.ActiveCfg = Release|Any CPU
		{6FBBB4C7-4A7D-4762-B4A3-0E3012900C6F}.Release|Any CPU.Build.0 = Release|Any CPU
	EndGlobalSection
	GlobalSection(SolutionProperties) = preSolution
		HideSolutionNode = FALSE
	EndGlobalSection
	GlobalSection(ExtensibilityGlobals) = postSolution
		SolutionGuid = {D273AF61-4275-475A-81BD-4F46C2B41BE2}
	EndGlobalSection
EndGlobal
